
Microsoft Visual Studio Solution File, Format Version 12.00
# Visual Studio Version 17
VisualStudioVersion = 17.10.35027.167
MinimumVisualStudioVersion = 10.0.40219.1
Project("{FAE04EC0-301F-11D3-BF4B-00C04F79EFBC}") = "ASP.NET Core MVC Homework1", "ASP.NET Core MVC Homework1\ASP.NET Core MVC Homework1.csproj", "{68210CA6-D4F8-4DD5-A8BF-273F7D8DF34C}"
EndProject
Global
	GlobalSection(SolutionConfigurationPlatforms) = preSolution
		Debug|Any CPU = Debug|Any CPU
		Release|Any CPU = Release|Any CPU
	EndGlobalSection
	GlobalSection(ProjectConfigurationPlatforms) = postSolution
		{68210CA6-D4F8-4DD5-A8BF-273F7D8DF34C}.Debug|Any CPU.ActiveCfg = Debug|Any CPU
		{68210CA6-D4F8-4DD5-A8BF-273F7D8DF34C}.Debug|Any CPU.Build.0 = Debug|Any CPU
		{68210CA6-D4F8-4DD5-A8BF-273F7D8DF34C}.Release|Any CPU.ActiveCfg = Release|Any CPU
		{68210CA6-D4F8-4DD5-A8BF-273F7D8DF34C}.Release|Any CPU.Build.0 = Release|Any CPU
	EndGlobalSection
	GlobalSection(SolutionProperties) = preSolution
		HideSolutionNode = FALSE
	EndGlobalSection
	GlobalSection(ExtensibilityGlobals) = postSolution
		SolutionGuid = {0973CE8D-8714-4450-8F63-8E61AC63C84F}
	EndGlobalSection
EndGlobal
